// !$*UTF8*$!
{
	archiveVersion = 1;
	classes = {
	};
	objectVersion = 56;
	objects = {

/* Begin PBXBuildFile section */
		49606EA028D5FC71003AA5FA /* AppDelegate.swift in Sources */ = {isa = PBXBuildFile; fileRef = 49606E9F28D5FC71003AA5FA /* AppDelegate.swift */; };
		49606EA228D5FC71003AA5FA /* SceneDelegate.swift in Sources */ = {isa = PBXBuildFile; fileRef = 49606EA128D5FC71003AA5FA /* SceneDelegate.swift */; };
		49606EA428D5FC71003AA5FA /* ViewController.swift in Sources */ = {isa = PBXBuildFile; fileRef = 49606EA328D5FC71003AA5FA /* ViewController.swift */; };
		49606EA728D5FC71003AA5FA /* Main.storyboard in Resources */ = {isa = PBXBuildFile; fileRef = 49606EA528D5FC71003AA5FA /* Main.storyboard */; };
		49606EA928D5FC72003AA5FA /* Assets.xcassets in Resources */ = {isa = PBXBuildFile; fileRef = 49606EA828D5FC72003AA5FA /* Assets.xcassets */; };
		49606EAC28D5FC72003AA5FA /* LaunchScreen.storyboard in Resources */ = {isa = PBXBuildFile; fileRef = 49606EAA28D5FC72003AA5FA /* LaunchScreen.storyboard */; };
		49606EB428D5FEB1003AA5FA /* CyrptoTableViewCell.swift in Sources */ = {isa = PBXBuildFile; fileRef = 49606EB328D5FEB1003AA5FA /* CyrptoTableViewCell.swift */; };
		49D635C228D621510082313C /* CryptoCurrency.swift in Sources */ = {isa = PBXBuildFile; fileRef = 49D635C128D621510082313C /* CryptoCurrency.swift */; };
		49D635C428D625350082313C /* Webservice.swift in Sources */ = {isa = PBXBuildFile; fileRef = 49D635C328D625350082313C /* Webservice.swift */; };
		49DFCBAA28D8A55F00719EEC /* CryptoViewModel.swift in Sources */ = {isa = PBXBuildFile; fileRef = 49DFCBA928D8A55F00719EEC /* CryptoViewModel.swift */; };
/* End PBXBuildFile section */

/* Begin PBXFileReference section */
		49606E9C28D5FC71003AA5FA /* CyrptoCrazy.app */ = {isa = PBXFileReference; explicitFileType = wrapper.application; includeInIndex = 0; path = CyrptoCrazy.app; sourceTree = BUILT_PRODUCTS_DIR; };
		49606E9F28D5FC71003AA5FA /* AppDelegate.swift */ = {isa = PBXFileReference; lastKnownFileType = sourcecode.swift; path = AppDelegate.swift; sourceTree = "<group>"; };
		49606EA128D5FC71003AA5FA /* SceneDelegate.swift */ = {isa = PBXFileReference; lastKnownFileType = sourcecode.swift; path = SceneDelegate.swift; sourceTree = "<group>"; };
		49606EA328D5FC71003AA5FA /* ViewController.swift */ = {isa = PBXFileReference; lastKnownFileType = sourcecode.swift; path = ViewController.swift; sourceTree = "<group>"; };
		49606EA628D5FC71003AA5FA /* Base */ = {isa = PBXFileReference; lastKnownFileType = file.storyboard; name = Base; path = Base.lproj/Main.storyboard; sourceTree = "<group>"; };
		49606EA828D5FC72003AA5FA /* Assets.xcassets */ = {isa = PBXFileReference; lastKnownFileType = folder.assetcatalog; path = Assets.xcassets; sourceTree = "<group>"; };
		49606EAB28D5FC72003AA5FA /* Base */ = {isa = PBXFileReference; lastKnownFileType = file.storyboard; name = Base; path = Base.lproj/LaunchScreen.storyboard; sourceTree = "<group>"; };
		49606EAD28D5FC72003AA5FA /* Info.plist */ = {isa = PBXFileReference; lastKnownFileType = text.plist.xml; path = Info.plist; sourceTree = "<group>"; };
		49606EB328D5FEB1003AA5FA /* CyrptoTableViewCell.swift */ = {isa = PBXFileReference; lastKnownFileType = sourcecode.swift; path = CyrptoTableViewCell.swift; sourceTree = "<group>"; };
		49D635C128D621510082313C /* CryptoCurrency.swift */ = {isa = PBXFileReference; lastKnownFileType = sourcecode.swift; path = CryptoCurrency.swift; sourceTree = "<group>"; };
		49D635C328D625350082313C /* Webservice.swift */ = {isa = PBXFileReference; lastKnownFileType = sourcecode.swift; path = Webservice.swift; sourceTree = "<group>"; };
		49DFCBA928D8A55F00719EEC /* CryptoViewModel.swift */ = {isa = PBXFileReference; lastKnownFileType = sourcecode.swift; path = CryptoViewModel.swift; sourceTree = "<group>"; };
/* End PBXFileReference section */

/* Begin PBXFrameworksBuildPhase section */
		49606E9928D5FC71003AA5FA /* Frameworks */ = {
			isa = PBXFrameworksBuildPhase;
			buildActionMask = 2147483647;
			files = (
			);
			runOnlyForDeploymentPostprocessing = 0;
		};
/* End PBXFrameworksBuildPhase section */

/* Begin PBXGroup section */
		49606E9328D5FC71003AA5FA = {
			isa = PBXGroup;
			children = (
				49606E9E28D5FC71003AA5FA /* CyrptoCrazy */,
				49606E9D28D5FC71003AA5FA /* Products */,
			);
			sourceTree = "<group>";
		};
		49606E9D28D5FC71003AA5FA /* Products */ = {
			isa = PBXGroup;
			children = (
				49606E9C28D5FC71003AA5FA /* CyrptoCrazy.app */,
			);
			name = Products;
			sourceTree = "<group>";
		};
		49606E9E28D5FC71003AA5FA /* CyrptoCrazy */ = {
			isa = PBXGroup;
			children = (
				49D635C028D620CD0082313C /* Service */,
				49D635BF28D620B70082313C /* ViewModel */,
				49D635BE28D620AF0082313C /* Model */,
				49D635BD28D620AA0082313C /* View */,
				49606EA528D5FC71003AA5FA /* Main.storyboard */,
				49606EA828D5FC72003AA5FA /* Assets.xcassets */,
				49606EAA28D5FC72003AA5FA /* LaunchScreen.storyboard */,
				49606EAD28D5FC72003AA5FA /* Info.plist */,
			);
			path = CyrptoCrazy;
			sourceTree = "<group>";
		};
		49D635BD28D620AA0082313C /* View */ = {
			isa = PBXGroup;
			children = (
				49606E9F28D5FC71003AA5FA /* AppDelegate.swift */,
				49606EA128D5FC71003AA5FA /* SceneDelegate.swift */,
				49606EA328D5FC71003AA5FA /* ViewController.swift */,
				49606EB328D5FEB1003AA5FA /* CyrptoTableViewCell.swift */,
			);
			path = View;
			sourceTree = "<group>";
		};
		49D635BE28D620AF0082313C /* Model */ = {
			isa = PBXGroup;
			children = (
				49D635C128D621510082313C /* CryptoCurrency.swift */,
			);
			path = Model;
			sourceTree = "<group>";
		};
		49D635BF28D620B70082313C /* ViewModel */ = {
			isa = PBXGroup;
			children = (
				49DFCBA928D8A55F00719EEC /* CryptoViewModel.swift */,
			);
			path = ViewModel;
			sourceTree = "<group>";
		};
		49D635C028D620CD0082313C /* Service */ = {
			isa = PBXGroup;
			children = (
				49D635C328D625350082313C /* Webservice.swift */,
			);
			path = Service;
			sourceTree = "<group>";
		};
/* End PBXGroup section */

/* Begin PBXNativeTarget section */
		49606E9B28D5FC71003AA5FA /* CyrptoCrazy */ = {
			isa = PBXNativeTarget;
			buildConfigurationList = 49606EB028D5FC72003AA5FA /* Build configuration list for PBXNativeTarget "CyrptoCrazy" */;
			buildPhases = (
				49606E9828D5FC71003AA5FA /* Sources */,
				49606E9928D5FC71003AA5FA /* Frameworks */,
				49606E9A28D5FC71003AA5FA /* Resources */,
			);
			buildRules = (
			);
			dependencies = (
			);
			name = CyrptoCrazy;
			productName = CyrptoCrazy;
			productReference = 49606E9C28D5FC71003AA5FA /* CyrptoCrazy.app */;
			productType = "com.apple.product-type.application";
		};
/* End PBXNativeTarget section */

/* Begin PBXProject section */
		49606E9428D5FC71003AA5FA /* Project object */ = {
			isa = PBXProject;
			attributes = {
				BuildIndependentTargetsInParallel = 1;
				LastSwiftUpdateCheck = 1400;
				LastUpgradeCheck = 1400;
				TargetAttributes = {
					49606E9B28D5FC71003AA5FA = {
						CreatedOnToolsVersion = 14.0;
					};
				};
			};
			buildConfigurationList = 49606E9728D5FC71003AA5FA /* Build configuration list for PBXProject "CyrptoCrazy" */;
			compatibilityVersion = "Xcode 14.0";
			developmentRegion = en;
			hasScannedForEncodings = 0;
			knownRegions = (
				en,
				Base,
			);
			mainGroup = 49606E9328D5FC71003AA5FA;
			productRefGroup = 49606E9D28D5FC71003AA5FA /* Products */;
			projectDirPath = "";
			projectRoot = "";
			targets = (
				49606E9B28D5FC71003AA5FA /* CyrptoCrazy */,
			);
		};
/* End PBXProject section */

/* Begin PBXResourcesBuildPhase section */
		49606E9A28D5FC71003AA5FA /* Resources */ = {
			isa = PBXResourcesBuildPhase;
			buildActionMask = 2147483647;
			files = (
				49606EAC28D5FC72003AA5FA /* LaunchScreen.storyboard in Resources */,
				49606EA928D5FC72003AA5FA /* Assets.xcassets in Resources */,
				49606EA728D5FC71003AA5FA /* Main.storyboard in Resources */,
			);
			runOnlyForDeploymentPostprocessing = 0;
		};
/* End PBXResourcesBuildPhase section */

/* Begin PBXSourcesBuildPhase section */
		49606E9828D5FC71003AA5FA /* Sources */ = {
			isa = PBXSourcesBuildPhase;
			buildActionMask = 2147483647;
			files = (
				49606EB428D5FEB1003AA5FA /* CyrptoTableViewCell.swift in Sources */,
				49606EA428D5FC71003AA5FA /* ViewController.swift in Sources */,
				49D635C428D625350082313C /* Webservice.swift in Sources */,
				49DFCBAA28D8A55F00719EEC /* CryptoViewModel.swift in Sources */,
				49D635C228D621510082313C /* CryptoCurrency.swift in Sources */,
				49606EA028D5FC71003AA5FA /* AppDelegate.swift in Sources */,
				49606EA228D5FC71003AA5FA /* SceneDelegate.swift in Sources */,
			);
			runOnlyForDeploymentPostprocessing = 0;
		};
/* End PBXSourcesBuildPhase section */

/* Begin PBXVariantGroup section */
		49606EA528D5FC71003AA5FA /* Main.storyboard */ = {
			isa = PBXVariantGroup;
			children = (
				49606EA628D5FC71003AA5FA /* Base */,
			);
			name = Main.storyboard;
			sourceTree = "<group>";
		};
		49606EAA28D5FC72003AA5FA /* LaunchScreen.storyboard */ = {
			isa = PBXVariantGroup;
			children = (
				49606EAB28D5FC72003AA5FA /* Base */,
			);
			name = LaunchScreen.storyboard;
			sourceTree = "<group>";
		};
/* End PBXVariantGroup section */

/* Begin XCBuildConfiguration section */
		49606EAE28D5FC72003AA5FA /* Debug */ = {
			isa = XCBuildConfiguration;
			buildSettings = {
				ALWAYS_SEARCH_USER_PATHS = NO;
				CLANG_ANALYZER_NONNULL = YES;
				CLANG_ANALYZER_NUMBER_OBJECT_CONVERSION = YES_AGGRESSIVE;
				CLANG_CXX_LANGUAGE_STANDARD = "gnu++20";
				CLANG_ENABLE_MODULES = YES;
				CLANG_ENABLE_OBJC_ARC = YES;
				CLANG_ENABLE_OBJC_WEAK = YES;
				CLANG_WARN_BLOCK_CAPTURE_AUTORELEASING = YES;
				CLANG_WARN_BOOL_CONVERSION = YES;
				CLANG_WARN_COMMA = YES;
				CLANG_WARN_CONSTANT_CONVERSION = YES;
				CLANG_WARN_DEPRECATED_OBJC_IMPLEMENTATIONS = YES;
				CLANG_WARN_DIRECT_OBJC_ISA_USAGE = YES_ERROR;
				CLANG_WARN_DOCUMENTATION_COMMENTS = YES;
				CLANG_WARN_EMPTY_BODY = YES;
				CLANG_WARN_ENUM_CONVERSION = YES;
				CLANG_WARN_INFINITE_RECURSION = YES;
				CLANG_WARN_INT_CONVERSION = YES;
				CLANG_WARN_NON_LITERAL_NULL_CONVERSION = YES;
				CLANG_WARN_OBJC_IMPLICIT_RETAIN_SELF = YES;
				CLANG_WARN_OBJC_LITERAL_CONVERSION = YES;
				CLANG_WARN_OBJC_ROOT_CLASS = YES_ERROR;
				CLANG_WARN_QUOTED_INCLUDE_IN_FRAMEWORK_HEADER = YES;
				CLANG_WARN_RANGE_LOOP_ANALYSIS = YES;
				CLANG_WARN_STRICT_PROTOTYPES = YES;
				CLANG_WARN_SUSPICIOUS_MOVE = YES;
				CLANG_WARN_UNGUARDED_AVAILABILITY = YES_AGGRESSIVE;
				CLANG_WARN_UNREACHABLE_CODE = YES;
				CLANG_WARN__DUPLICATE_METHOD_MATCH = YES;
				COPY_PHASE_STRIP = NO;
				DEBUG_INFORMATION_FORMAT = dwarf;
				ENABLE_STRICT_OBJC_MSGSEND = YES;
				ENABLE_TESTABILITY = YES;
				GCC_C_LANGUAGE_STANDARD = gnu11;
				GCC_DYNAMIC_NO_PIC = NO;
				GCC_NO_COMMON_BLOCKS = YES;
				GCC_OPTIMIZATION_LEVEL = 0;
				GCC_PREPROCESSOR_DEFINITIONS = (
					"DEBUG=1",
					"$(inherited)",
				);
				GCC_WARN_64_TO_32_BIT_CONVERSION = YES;
				GCC_WARN_ABOUT_RETURN_TYPE = YES_ERROR;
				GCC_WARN_UNDECLARED_SELECTOR = YES;
				GCC_WARN_UNINITIALIZED_AUTOS = YES_AGGRESSIVE;
				GCC_WARN_UNUSED_FUNCTION = YES;
				GCC_WARN_UNUSED_VARIABLE = YES;
				IPHONEOS_DEPLOYMENT_TARGET = 16.0;
				MTL_ENABLE_DEBUG_INFO = INCLUDE_SOURCE;
				MTL_FAST_MATH = YES;
				ONLY_ACTIVE_ARCH = YES;
				SDKROOT = iphoneos;
				SWIFT_ACTIVE_COMPILATION_CONDITIONS = DEBUG;
				SWIFT_OPTIMIZATION_LEVEL = "-Onone";
			};
			name = Debug;
		};
		49606EAF28D5FC72003AA5FA /* Release */ = {
			isa = XCBuildConfiguration;
			buildSettings = {
				ALWAYS_SEARCH_USER_PATHS = NO;
				CLANG_ANALYZER_NONNULL = YES;
				CLANG_ANALYZER_NUMBER_OBJECT_CONVERSION = YES_AGGRESSIVE;
				CLANG_CXX_LANGUAGE_STANDARD = "gnu++20";
				CLANG_ENABLE_MODULES = YES;
				CLANG_ENABLE_OBJC_ARC = YES;
				CLANG_ENABLE_OBJC_WEAK = YES;
				CLANG_WARN_BLOCK_CAPTURE_AUTORELEASING = YES;
				CLANG_WARN_BOOL_CONVERSION = YES;
				CLANG_WARN_COMMA = YES;
				CLANG_WARN_CONSTANT_CONVERSION = YES;
				CLANG_WARN_DEPRECATED_OBJC_IMPLEMENTATIONS = YES;
				CLANG_WARN_DIRECT_OBJC_ISA_USAGE = YES_ERROR;
				CLANG_WARN_DOCUMENTATION_COMMENTS = YES;
				CLANG_WARN_EMPTY_BODY = YES;
				CLANG_WARN_ENUM_CONVERSION = YES;
				CLANG_WARN_INFINITE_RECURSION = YES;
				CLANG_WARN_INT_CONVERSION = YES;
				CLANG_WARN_NON_LITERAL_NULL_CONVERSION = YES;
				CLANG_WARN_OBJC_IMPLICIT_RETAIN_SELF = YES;
				CLANG_WARN_OBJC_LITERAL_CONVERSION = YES;
				CLANG_WARN_OBJC_ROOT_CLASS = YES_ERROR;
				CLANG_WARN_QUOTED_INCLUDE_IN_FRAMEWORK_HEADER = YES;
				CLANG_WARN_RANGE_LOOP_ANALYSIS = YES;
				CLANG_WARN_STRICT_PROTOTYPES = YES;
				CLANG_WARN_SUSPICIOUS_MOVE = YES;
				CLANG_WARN_UNGUARDED_AVAILABILITY = YES_AGGRESSIVE;
				CLANG_WARN_UNREACHABLE_CODE = YES;
				CLANG_WARN__DUPLICATE_METHOD_MATCH = YES;
				COPY_PHASE_STRIP = NO;
				DEBUG_INFORMATION_FORMAT = "dwarf-with-dsym";
				ENABLE_NS_ASSERTIONS = NO;
				ENABLE_STRICT_OBJC_MSGSEND = YES;
				GCC_C_LANGUAGE_STANDARD = gnu11;
				GCC_NO_COMMON_BLOCKS = YES;
				GCC_WARN_64_TO_32_BIT_CONVERSION = YES;
				GCC_WARN_ABOUT_RETURN_TYPE = YES_ERROR;
				GCC_WARN_UNDECLARED_SELECTOR = YES;
				GCC_WARN_UNINITIALIZED_AUTOS = YES_AGGRESSIVE;
				GCC_WARN_UNUSED_FUNCTION = YES;
				GCC_WARN_UNUSED_VARIABLE = YES;
				IPHONEOS_DEPLOYMENT_TARGET = 16.0;
				MTL_ENABLE_DEBUG_INFO = NO;
				MTL_FAST_MATH = YES;
				SDKROOT = iphoneos;
				SWIFT_COMPILATION_MODE = wholemodule;
				SWIFT_OPTIMIZATION_LEVEL = "-O";
				VALIDATE_PRODUCT = YES;
			};
			name = Release;
		};
		49606EB128D5FC72003AA5FA /* Debug */ = {
			isa = XCBuildConfiguration;
			buildSettings = {
				ASSETCATALOG_COMPILER_APPICON_NAME = AppIcon;
				ASSETCATALOG_COMPILER_GLOBAL_ACCENT_COLOR_NAME = AccentColor;
				CODE_SIGN_STYLE = Automatic;
				CURRENT_PROJECT_VERSION = 1;
				DEVELOPMENT_TEAM = 2G8QN9SRVA;
				GENERATE_INFOPLIST_FILE = YES;
				INFOPLIST_FILE = CyrptoCrazy/Info.plist;
				INFOPLIST_KEY_UIApplicationSupportsIndirectInputEvents = YES;
				INFOPLIST_KEY_UILaunchStoryboardName = LaunchScreen;
				INFOPLIST_KEY_UIMainStoryboardFile = Main;
				INFOPLIST_KEY_UISupportedInterfaceOrientations_iPad = "UIInterfaceOrientationPortrait UIInterfaceOrientationPortraitUpsideDown UIInterfaceOrientationLandscapeLeft UIInterfaceOrientationLandscapeRight";
				INFOPLIST_KEY_UISupportedInterfaceOrientations_iPhone = "UIInterfaceOrientationPortrait UIInterfaceOrientationLandscapeLeft UIInterfaceOrientationLandscapeRight";
				LD_RUNPATH_SEARCH_PATHS = (
					"$(inherited)",
					"@executable_path/Frameworks",
				);
				MARKETING_VERSION = 1.0;
				PRODUCT_BUNDLE_IDENTIFIER = com.berkaykuzu.CyrptoCrazy;
				PRODUCT_NAME = "$(TARGET_NAME)";
				SWIFT_EMIT_LOC_STRINGS = YES;
				SWIFT_VERSION = 5.0;
				TARGETED_DEVICE_FAMILY = "1,2";
			};
			name = Debug;
		};
		49606EB228D5FC72003AA5FA /* Release */ = {
			isa = XCBuildConfiguration;
			buildSettings = {
				ASSETCATALOG_COMPILER_APPICON_NAME = AppIcon;
				ASSETCATALOG_COMPILER_GLOBAL_ACCENT_COLOR_NAME = AccentColor;
				CODE_SIGN_STYLE = Automatic;
				CURRENT_PROJECT_VERSION = 1;
				DEVELOPMENT_TEAM = 2G8QN9SRVA;
				GENERATE_INFOPLIST_FILE = YES;
				INFOPLIST_FILE = CyrptoCrazy/Info.plist;
				INFOPLIST_KEY_UIApplicationSupportsIndirectInputEvents = YES;
				INFOPLIST_KEY_UILaunchStoryboardName = LaunchScreen;
				INFOPLIST_KEY_UIMainStoryboardFile = Main;
				INFOPLIST_KEY_UISupportedInterfaceOrientations_iPad = "UIInterfaceOrientationPortrait UIInterfaceOrientationPortraitUpsideDown UIInterfaceOrientationLandscapeLeft UIInterfaceOrientationLandscapeRight";
				INFOPLIST_KEY_UISupportedInterfaceOrientations_iPhone = "UIInterfaceOrientationPortrait UIInterfaceOrientationLandscapeLeft UIInterfaceOrientationLandscapeRight";
				LD_RUNPATH_SEARCH_PATHS = (
					"$(inherited)",
					"@executable_path/Frameworks",
				);
				MARKETING_VERSION = 1.0;
				PRODUCT_BUNDLE_IDENTIFIER = com.berkaykuzu.CyrptoCrazy;
				PRODUCT_NAME = "$(TARGET_NAME)";
				SWIFT_EMIT_LOC_STRINGS = YES;
				SWIFT_VERSION = 5.0;
				TARGETED_DEVICE_FAMILY = "1,2";
			};
			name = Release;
		};
/* End XCBuildConfiguration section */

/* Begin XCConfigurationList section */
		49606E9728D5FC71003AA5FA /* Build configuration list for PBXProject "CyrptoCrazy" */ = {
			isa = XCConfigurationList;
			buildConfigurations = (
				49606EAE28D5FC72003AA5FA /* Debug */,
				49606EAF28D5FC72003AA5FA /* Release */,
			);
			defaultConfigurationIsVisible = 0;
			defaultConfigurationName = Release;
		};
		49606EB028D5FC72003AA5FA /* Build configuration list for PBXNativeTarget "CyrptoCrazy" */ = {
			isa = XCConfigurationList;
			buildConfigurations = (
				49606EB128D5FC72003AA5FA /* Debug */,
				49606EB228D5FC72003AA5FA /* Release */,
			);
			defaultConfigurationIsVisible = 0;
			defaultConfigurationName = Release;
		};
/* End XCConfigurationList section */
	};
	rootObject = 49606E9428D5FC71003AA5FA /* Project object */;
}
